#MicroXplorer Configuration settings - do not modify
Mcu.Family=STM32F4
ProjectManager.MainLocation=Core/Src
PH0-OSC_IN.Signal=RCC_OSC_IN
RCC.CortexFreq_Value=168000000
ProjectManager.KeepUserCode=true
Mcu.UserName=STM32F407VGTx
PB10.Mode=I2C
ADC1.ContinuousConvMode=ENABLE
ADC2.Channel-0\#ChannelRegularConversion=ADC_CHANNEL_1
USART1.BaudRate=57600
RCC.PLLCLKFreq_Value=168000000
PC10.Signal=UART4_TX
PC12.Signal=UART5_TX
RCC.PLLQCLKFreq_Value=84000000
ProjectManager.functionlistsort=1-MX_GPIO_Init-GPIO-false-HAL-true,2-SystemClock_Config-RCC-false-HAL-false,3-MX_ADC1_Init-ADC1-false-HAL-true,4-MX_ADC2_Init-ADC2-false-HAL-true,5-MX_I2C1_Init-I2C1-false-HAL-true,6-MX_TIM2_Init-TIM2-false-HAL-true,7-MX_UART4_Init-UART4-false-HAL-true,8-MX_UART5_Init-UART5-false-HAL-true,9-MX_USART1_UART_Init-USART1-false-HAL-true,10-MX_I2C2_Init-I2C2-false-HAL-true
RCC.RTCFreq_Value=32000
USART1.IPParameters=VirtualMode,BaudRate
PB11.Signal=I2C2_SDA
PinOutPanel.RotationAngle=0
RCC.SYSCLKSource=RCC_SYSCLKSOURCE_PLLCLK
ProjectManager.StackSize=0x400
VP_FREERTOS_VS_CMSIS_V2.Mode=CMSIS_V2
NVIC.UART5_IRQn=true\:5\:0\:false\:false\:true\:true\:true\:true
Mcu.IP4=I2C2
Mcu.IP5=NVIC
RCC.FCLKCortexFreq_Value=168000000
Mcu.IP2=FREERTOS
NVIC.SVCall_IRQn=true\:0\:0\:false\:false\:false\:false\:false\:false
Mcu.IP3=I2C1
Mcu.IP0=ADC1
Mcu.IP1=ADC2
Mcu.UserConstants=
Mcu.ThirdPartyNb=0
UART4.BaudRate=57600
RCC.HCLKFreq_Value=168000000
Mcu.IPNb=12
RCC.I2SClocksFreq_Value=192000000
TIM2.IPParameters=Prescaler,Period
ProjectManager.PreviousToolchain=
RCC.APB2TimFreq_Value=168000000
PB6.Signal=I2C1_SCL
RCC.VcooutputI2S=192000000
PB6.Mode=I2C
Mcu.Pin6=PA9
VP_TIM2_VS_ClockSourceINT.Signal=TIM2_VS_ClockSourceINT
Mcu.Pin7=PA10
Mcu.Pin8=PA13
Mcu.Pin9=PA14
PE1.Signal=GPIO_Input
FREERTOS.IPParameters=Tasks01
RCC.AHBFreq_Value=168000000
PH0-OSC_IN.Mode=HSE-External-Oscillator
Mcu.Pin0=PH0-OSC_IN
Mcu.Pin1=PH1-OSC_OUT
GPIO.groupedBy=Group By Peripherals
Mcu.Pin2=PA0-WKUP
Mcu.Pin3=PA1
Mcu.Pin4=PB10
Mcu.Pin5=PB11
ADC1.Channel-0\#ChannelRegularConversion=ADC_CHANNEL_VREFINT
ProjectManager.ProjectBuild=false
RCC.HSE_VALUE=8000000
NVIC.UsageFault_IRQn=true\:0\:0\:false\:false\:true\:false\:false\:false
NVIC.DebugMonitor_IRQn=true\:0\:0\:false\:false\:true\:false\:false\:false
ADC1.ScanConvMode=ENABLE
Mcu.IP10=UART5
NVIC.SysTick_IRQn=true\:15\:0\:false\:false\:false\:true\:false\:true
Mcu.IP11=USART1
ProjectManager.FirmwarePackage=STM32Cube FW_F4 V1.25.2
VP_ADC1_Vref_Input.Mode=IN-Vrefint
MxDb.Version=DB.6.0.10
PE0.GPIOParameters=GPIO_PuPd,GPIO_Label
ProjectManager.BackupPrevious=false
RCC.VCOInputFreq_Value=2000000
PA14.Mode=Serial_Wire
SH.ADCx_IN1.ConfNb=1
VP_SYS_VS_tim1.Mode=TIM1
NVIC.TIM2_IRQn=true\:5\:0\:false\:false\:true\:true\:true\:true
File.Version=6
PB7.Signal=I2C1_SDA
SH.ADCx_IN0.0=ADC1_IN0,IN0
PE1.Locked=true
NVIC.PendSV_IRQn=true\:15\:0\:false\:false\:false\:true\:false\:false
ProjectManager.HalAssertFull=false
ADC1.SamplingTime-0\#ChannelRegularConversion=ADC_SAMPLETIME_3CYCLES
ProjectManager.ProjectName=cleaningRobotf4
PH1-OSC_OUT.Mode=HSE-External-Oscillator
RCC.MCO2PinFreq_Value=168000000
PB9.Signal=GPIO_Input
Mcu.Package=LQFP100
TIM2.Prescaler=1
NVIC.TimeBase=TIM1_UP_TIM10_IRQn
ProjectManager.ToolChainLocation=
RCC.LSI_VALUE=32000
NVIC.TimeBaseIP=TIM1
PA10.Signal=USART1_RX
PB9.GPIO_PuPd=GPIO_PULLUP
UART5.IPParameters=VirtualMode,BaudRate
ADC2.SamplingTime-0\#ChannelRegularConversion=ADC_SAMPLETIME_15CYCLES
PC11.Mode=Asynchronous
PE0.GPIO_Label=minus
RCC.APB2CLKDivider=RCC_HCLK_DIV2
SH.ADCx_IN1.0=ADC2_IN1,IN1
RCC.APB1TimFreq_Value=84000000
NVIC.BusFault_IRQn=true\:0\:0\:false\:false\:true\:false\:false\:false
UART5.BaudRate=57600
ADC2.Rank-0\#ChannelRegularConversion=1
ProjectManager.CustomerFirmwarePackage=
NVIC.UART4_IRQn=true\:5\:0\:false\:false\:true\:true\:true\:true
PE0.GPIO_PuPd=GPIO_PULLUP
ADC2.ClockPrescaler=ADC_CLOCK_SYNC_PCLK_DIV8
ProjectManager.ProjectFileName=cleaningRobotf4.ioc
FREERTOS.Tasks01=defaultTask,24,128,StartDefaultTask,Default,NULL,Dynamic,NULL,NULL
ADC1.Rank-0\#ChannelRegularConversion=1
UART4.IPParameters=VirtualMode,BaudRate
PB9.GPIO_Label=select
PA10.Mode=Asynchronous
Mcu.PinsNb=23
ProjectManager.NoMain=false
ADC1.IPParameters=Rank-0\#ChannelRegularConversion,master,Channel-0\#ChannelRegularConversion,SamplingTime-0\#ChannelRegularConversion,NbrOfConversionFlag,ContinuousConvMode,ScanConvMode,NbrOfConversion,ClockPrescaler,Rank-1\#ChannelRegularConversion,Channel-1\#ChannelRegularConversion,SamplingTime-1\#ChannelRegularConversion
NVIC.SavedSvcallIrqHandlerGenerated=true
PC11.Signal=UART4_RX
PC10.Mode=Asynchronous
ProjectManager.DefaultFWLocation=true
PE1.GPIO_PuPd=GPIO_PULLUP
ProjectManager.DeletePrevious=true
UART5.VirtualMode=Asynchronous
RCC.APB1CLKDivider=RCC_HCLK_DIV4
UART4.VirtualMode=Asynchronous
RCC.FamilyName=M
PA0-WKUP.Signal=ADCx_IN0
PB9.GPIOParameters=GPIO_PuPd,GPIO_Label
PA13.Signal=SYS_JTMS-SWDIO
PA9.Mode=Asynchronous
PB11.Mode=I2C
ADC2.ContinuousConvMode=ENABLE
ProjectManager.TargetToolchain=STM32CubeIDE
ADC2.IPParameters=Rank-0\#ChannelRegularConversion,Channel-0\#ChannelRegularConversion,SamplingTime-0\#ChannelRegularConversion,NbrOfConversionFlag,ContinuousConvMode,ClockPrescaler
PA9.Signal=USART1_TX
ADC1.Channel-1\#ChannelRegularConversion=ADC_CHANNEL_0
PB9.Locked=true
ProjectManager.RegisterCallBack=
PE0.Locked=true
RCC.LSE_VALUE=32768
PA1.Signal=ADCx_IN1
PB10.Signal=I2C2_SCL
RCC.VCOI2SOutputFreq_Value=384000000
PD2.Mode=Asynchronous
PC12.Mode=Asynchronous
board=custom
RCC.VCOOutputFreq_Value=336000000
PE1.GPIO_Label=plus
ProjectManager.LastFirmware=true
NVIC.SavedSystickIrqHandlerGenerated=true
RCC.APB2Freq_Value=84000000
MxCube.Version=6.1.0
VP_TIM2_VS_ClockSourceINT.Mode=Internal
VP_SYS_VS_tim1.Signal=SYS_VS_tim1
SH.ADCx_IN0.ConfNb=1
RCC.EthernetFreq_Value=168000000
VP_ADC1_Vref_Input.Signal=ADC1_Vref_Input
PH1-OSC_OUT.Signal=RCC_OSC_OUT
NVIC.NonMaskableInt_IRQn=true\:0\:0\:false\:false\:true\:false\:false\:false
TIM2.Period=41999
ADC1.NbrOfConversion=2
PA13.Mode=Serial_Wire
ProjectManager.FreePins=false
RCC.IPParameters=48MHZClocksFreq_Value,AHBFreq_Value,APB1CLKDivider,APB1Freq_Value,APB1TimFreq_Value,APB2CLKDivider,APB2Freq_Value,APB2TimFreq_Value,CortexFreq_Value,EthernetFreq_Value,FCLKCortexFreq_Value,FamilyName,HCLKFreq_Value,HSE_VALUE,HSI_VALUE,I2SClocksFreq_Value,LSE_VALUE,LSI_VALUE,MCO2PinFreq_Value,PLLCLKFreq_Value,PLLM,PLLN,PLLQCLKFreq_Value,RTCFreq_Value,RTCHSEDivFreq_Value,SYSCLKFreq_VALUE,SYSCLKSource,VCOI2SOutputFreq_Value,VCOInputFreq_Value,VCOOutputFreq_Value,VcooutputI2S
ProjectManager.AskForMigrate=true
Mcu.Name=STM32F407V(E-G)Tx
PE0.Signal=GPIO_Input
NVIC.SavedPendsvIrqHandlerGenerated=true
RCC.RTCHSEDivFreq_Value=4000000
ProjectManager.UnderRoot=true
Mcu.IP8=TIM2
VP_FREERTOS_VS_CMSIS_V2.Signal=FREERTOS_VS_CMSIS_V2
Mcu.IP9=UART4
Mcu.IP6=RCC
Mcu.IP7=SYS
ProjectManager.CoupleFile=false
RCC.48MHZClocksFreq_Value=84000000
ADC1.SamplingTime-1\#ChannelRegularConversion=ADC_SAMPLETIME_15CYCLES
RCC.SYSCLKFreq_VALUE=168000000
Mcu.Pin22=VP_TIM2_VS_ClockSourceINT
Mcu.Pin20=VP_FREERTOS_VS_CMSIS_V2
ADC1.master=1
Mcu.Pin21=VP_SYS_VS_tim1
ADC2.NbrOfConversionFlag=1
NVIC.ForceEnableDMAVector=true
KeepUserPlacement=false
NVIC.MemoryManagement_IRQn=true\:0\:0\:false\:false\:true\:false\:false\:false
USART1.VirtualMode=VM_ASYNC
ProjectManager.CompilerOptimize=6
ADC1.Rank-1\#ChannelRegularConversion=2
PB7.Mode=I2C
PA14.Signal=SYS_JTCK-SWCLK
ProjectManager.HeapSize=0x200
NVIC.HardFault_IRQn=true\:0\:0\:false\:false\:true\:false\:false\:false
Mcu.Pin15=PB7
Mcu.Pin16=PB9
Mcu.Pin13=PD2
Mcu.Pin14=PB6
Mcu.Pin19=VP_ADC1_Vref_Input
NVIC.TIM1_UP_TIM10_IRQn=true\:0\:0\:false\:false\:true\:false\:false\:true
ProjectManager.ComputerToolchain=false
Mcu.Pin17=PE0
RCC.HSI_VALUE=16000000
Mcu.Pin18=PE1
NVIC.PriorityGroup=NVIC_PRIORITYGROUP_4
ADC1.NbrOfConversionFlag=1
Mcu.Pin11=PC11
Mcu.Pin12=PC12
RCC.PLLM=8
RCC.PLLN=168
Mcu.Pin10=PC10
PD2.Signal=UART5_RX
RCC.APB1Freq_Value=42000000
ADC1.ClockPrescaler=ADC_CLOCK_SYNC_PCLK_DIV8
ProjectManager.DeviceId=STM32F407VGTx
ProjectManager.LibraryCopy=1
PE1.GPIOParameters=GPIO_PuPd,GPIO_Label
